
Microsoft Visual Studio Solution File, Format Version 12.00
# Visual Studio 15
VisualStudioVersion = 15.0.28307.705
MinimumVisualStudioVersion = 10.0.40219.1
Project("{FAE04EC0-301F-11D3-BF4B-00C04F79EFBC}") = "Avengers.Android", "Avengers\Avengers.Android\Avengers.Android.csproj", "{5582B88F-E076-4B41-BB96-EDDF673D3F44}"
EndProject
Project("{FAE04EC0-301F-11D3-BF4B-00C04F79EFBC}") = "Avengers.iOS", "Avengers\Avengers.iOS\Avengers.iOS.csproj", "{7C106AFC-0CFC-49FE-B490-5C0163F64362}"
EndProject
Project("{FAE04EC0-301F-11D3-BF4B-00C04F79EFBC}") = "Avengers", "Avengers\Avengers\Avengers.csproj", "{90BB5221-EF3D-4DE0-AF9C-8C6F8DE1E132}"
EndProject
Global
	GlobalSection(SolutionConfigurationPlatforms) = preSolution
		Ad-Hoc|Any CPU = Ad-Hoc|Any CPU
		Ad-Hoc|iPhone = Ad-Hoc|iPhone
		Ad-Hoc|iPhoneSimulator = Ad-Hoc|iPhoneSimulator
		AppStore|Any CPU = AppStore|Any CPU
		AppStore|iPhone = AppStore|iPhone
		AppStore|iPhoneSimulator = AppStore|iPhoneSimulator
		Debug|Any CPU = Debug|Any CPU
		Debug|iPhone = Debug|iPhone
		Debug|iPhoneSimulator = Debug|iPhoneSimulator
		Release|Any CPU = Release|Any CPU
		Release|iPhone = Release|iPhone
		Release|iPhoneSimulator = Release|iPhoneSimulator
	EndGlobalSection
	GlobalSection(ProjectConfigurationPlatforms) = postSolution
		{5582B88F-E076-4B41-BB96-EDDF673D3F44}.Ad-Hoc|Any CPU.ActiveCfg = Release|Any CPU
		{5582B88F-E076-4B41-BB96-EDDF673D3F44}.Ad-Hoc|Any CPU.Build.0 = Release|Any CPU
		{5582B88F-E076-4B41-BB96-EDDF673D3F44}.Ad-Hoc|Any CPU.Deploy.0 = Release|Any CPU
		{5582B88F-E076-4B41-BB96-EDDF673D3F44}.Ad-Hoc|iPhone.ActiveCfg = Release|Any CPU
		{5582B88F-E076-4B41-BB96-EDDF673D3F44}.Ad-Hoc|iPhone.Build.0 = Release|Any CPU
		{5582B88F-E076-4B41-BB96-EDDF673D3F44}.Ad-Hoc|iPhone.Deploy.0 = Release|Any CPU
		{5582B88F-E076-4B41-BB96-EDDF673D3F44}.Ad-Hoc|iPhoneSimulator.ActiveCfg = Release|Any CPU
		{5582B88F-E076-4B41-BB96-EDDF673D3F44}.Ad-Hoc|iPhoneSimulator.Build.0 = Release|Any CPU
		{5582B88F-E076-4B41-BB96-EDDF673D3F44}.Ad-Hoc|iPhoneSimulator.Deploy.0 = Release|Any CPU
		{5582B88F-E076-4B41-BB96-EDDF673D3F44}.AppStore|Any CPU.ActiveCfg = Release|Any CPU
		{5582B88F-E076-4B41-BB96-EDDF673D3F44}.AppStore|Any CPU.Build.0 = Release|Any CPU
		{5582B88F-E076-4B41-BB96-EDDF673D3F44}.AppStore|Any CPU.Deploy.0 = Release|Any CPU
		{5582B88F-E076-4B41-BB96-EDDF673D3F44}.AppStore|iPhone.ActiveCfg = Release|Any CPU
		{5582B88F-E076-4B41-BB96-EDDF673D3F44}.AppStore|iPhone.Build.0 = Release|Any CPU
		{5582B88F-E076-4B41-BB96-EDDF673D3F44}.AppStore|iPhone.Deploy.0 = Release|Any CPU
		{5582B88F-E076-4B41-BB96-EDDF673D3F44}.AppStore|iPhoneSimulator.ActiveCfg = Release|Any CPU
		{5582B88F-E076-4B41-BB96-EDDF673D3F44}.AppStore|iPhoneSimulator.Build.0 = Release|Any CPU
		{5582B88F-E076-4B41-BB96-EDDF673D3F44}.AppStore|iPhoneSimulator.Deploy.0 = Release|Any CPU
		{5582B88F-E076-4B41-BB96-EDDF673D3F44}.Debug|Any CPU.ActiveCfg = Debug|Any CPU
		{5582B88F-E076-4B41-BB96-EDDF673D3F44}.Debug|Any CPU.Build.0 = Debug|Any CPU
		{5582B88F-E076-4B41-BB96-EDDF673D3F44}.Debug|Any CPU.Deploy.0 = Debug|Any CPU
		{5582B88F-E076-4B41-BB96-EDDF673D3F44}.Debug|iPhone.ActiveCfg = Debug|Any CPU
		{5582B88F-E076-4B41-BB96-EDDF673D3F44}.Debug|iPhone.Build.0 = Debug|Any CPU
		{5582B88F-E076-4B41-BB96-EDDF673D3F44}.Debug|iPhone.Deploy.0 = Debug|Any CPU
		{5582B88F-E076-4B41-BB96-EDDF673D3F44}.Debug|iPhoneSimulator.ActiveCfg = Debug|Any CPU
		{5582B88F-E076-4B41-BB96-EDDF673D3F44}.Debug|iPhoneSimulator.Build.0 = Debug|Any CPU
		{5582B88F-E076-4B41-BB96-EDDF673D3F44}.Debug|iPhoneSimulator.Deploy.0 = Debug|Any CPU
		{5582B88F-E076-4B41-BB96-EDDF673D3F44}.Release|Any CPU.ActiveCfg = Release|Any CPU
		{5582B88F-E076-4B41-BB96-EDDF673D3F44}.Release|Any CPU.Build.0 = Release|Any CPU
		{5582B88F-E076-4B41-BB96-EDDF673D3F44}.Release|Any CPU.Deploy.0 = Release|Any CPU
		{5582B88F-E076-4B41-BB96-EDDF673D3F44}.Release|iPhone.ActiveCfg = Release|Any CPU
		{5582B88F-E076-4B41-BB96-EDDF673D3F44}.Release|iPhone.Build.0 = Release|Any CPU
		{5582B88F-E076-4B41-BB96-EDDF673D3F44}.Release|iPhone.Deploy.0 = Release|Any CPU
		{5582B88F-E076-4B41-BB96-EDDF673D3F44}.Release|iPhoneSimulator.ActiveCfg = Release|Any CPU
		{5582B88F-E076-4B41-BB96-EDDF673D3F44}.Release|iPhoneSimulator.Build.0 = Release|Any CPU
		{5582B88F-E076-4B41-BB96-EDDF673D3F44}.Release|iPhoneSimulator.Deploy.0 = Release|Any CPU
		{7C106AFC-0CFC-49FE-B490-5C0163F64362}.Ad-Hoc|Any CPU.ActiveCfg = Ad-Hoc|iPhone
		{7C106AFC-0CFC-49FE-B490-5C0163F64362}.Ad-Hoc|Any CPU.Build.0 = Ad-Hoc|iPhone
		{7C106AFC-0CFC-49FE-B490-5C0163F64362}.Ad-Hoc|Any CPU.Deploy.0 = Ad-Hoc|iPhone
		{7C106AFC-0CFC-49FE-B490-5C0163F64362}.Ad-Hoc|iPhone.ActiveCfg = Ad-Hoc|iPhone
		{7C106AFC-0CFC-49FE-B490-5C0163F64362}.Ad-Hoc|iPhone.Build.0 = Ad-Hoc|iPhone
		{7C106AFC-0CFC-49FE-B490-5C0163F64362}.Ad-Hoc|iPhone.Deploy.0 = Ad-Hoc|iPhone
		{7C106AFC-0CFC-49FE-B490-5C0163F64362}.Ad-Hoc|iPhoneSimulator.ActiveCfg = Ad-Hoc|iPhoneSimulator
		{7C106AFC-0CFC-49FE-B490-5C0163F64362}.Ad-Hoc|iPhoneSimulator.Build.0 = Ad-Hoc|iPhoneSimulator
		{7C106AFC-0CFC-49FE-B490-5C0163F64362}.Ad-Hoc|iPhoneSimulator.Deploy.0 = Ad-Hoc|iPhoneSimulator
		{7C106AFC-0CFC-49FE-B490-5C0163F64362}.AppStore|Any CPU.ActiveCfg = AppStore|iPhone
		{7C106AFC-0CFC-49FE-B490-5C0163F64362}.AppStore|Any CPU.Build.0 = AppStore|iPhone
		{7C106AFC-0CFC-49FE-B490-5C0163F64362}.AppStore|Any CPU.Deploy.0 = AppStore|iPhone
		{7C106AFC-0CFC-49FE-B490-5C0163F64362}.AppStore|iPhone.ActiveCfg = AppStore|iPhone
		{7C106AFC-0CFC-49FE-B490-5C0163F64362}.AppStore|iPhone.Build.0 = AppStore|iPhone
		{7C106AFC-0CFC-49FE-B490-5C0163F64362}.AppStore|iPhone.Deploy.0 = AppStore|iPhone
		{7C106AFC-0CFC-49FE-B490-5C0163F64362}.AppStore|iPhoneSimulator.ActiveCfg = AppStore|iPhoneSimulator
		{7C106AFC-0CFC-49FE-B490-5C0163F64362}.AppStore|iPhoneSimulator.Build.0 = AppStore|iPhoneSimulator
		{7C106AFC-0CFC-49FE-B490-5C0163F64362}.AppStore|iPhoneSimulator.Deploy.0 = AppStore|iPhoneSimulator
		{7C106AFC-0CFC-49FE-B490-5C0163F64362}.Debug|Any CPU.ActiveCfg = Debug|iPhoneSimulator
		{7C106AFC-0CFC-49FE-B490-5C0163F64362}.Debug|Any CPU.Build.0 = Debug|iPhoneSimulator
		{7C106AFC-0CFC-49FE-B490-5C0163F64362}.Debug|Any CPU.Deploy.0 = Debug|iPhoneSimulator
		{7C106AFC-0CFC-49FE-B490-5C0163F64362}.Debug|iPhone.ActiveCfg = Debug|iPhone
		{7C106AFC-0CFC-49FE-B490-5C0163F64362}.Debug|iPhone.Build.0 = Debug|iPhone
		{7C106AFC-0CFC-49FE-B490-5C0163F64362}.Debug|iPhone.Deploy.0 = Debug|iPhone
		{7C106AFC-0CFC-49FE-B490-5C0163F64362}.Debug|iPhoneSimulator.ActiveCfg = Debug|iPhoneSimulator
		{7C106AFC-0CFC-49FE-B490-5C0163F64362}.Debug|iPhoneSimulator.Build.0 = Debug|iPhoneSimulator
		{7C106AFC-0CFC-49FE-B490-5C0163F64362}.Debug|iPhoneSimulator.Deploy.0 = Debug|iPhoneSimulator
		{7C106AFC-0CFC-49FE-B490-5C0163F64362}.Release|Any CPU.ActiveCfg = Release|iPhone
		{7C106AFC-0CFC-49FE-B490-5C0163F64362}.Release|Any CPU.Build.0 = Release|iPhone
		{7C106AFC-0CFC-49FE-B490-5C0163F64362}.Release|Any CPU.Deploy.0 = Release|iPhone
		{7C106AFC-0CFC-49FE-B490-5C0163F64362}.Release|iPhone.ActiveCfg = Release|iPhone
		{7C106AFC-0CFC-49FE-B490-5C0163F64362}.Release|iPhone.Build.0 = Release|iPhone
		{7C106AFC-0CFC-49FE-B490-5C0163F64362}.Release|iPhone.Deploy.0 = Release|iPhone
		{7C106AFC-0CFC-49FE-B490-5C0163F64362}.Release|iPhoneSimulator.ActiveCfg = Release|iPhoneSimulator
		{7C106AFC-0CFC-49FE-B490-5C0163F64362}.Release|iPhoneSimulator.Build.0 = Release|iPhoneSimulator
		{7C106AFC-0CFC-49FE-B490-5C0163F64362}.Release|iPhoneSimulator.Deploy.0 = Release|iPhoneSimulator
		{90BB5221-EF3D-4DE0-AF9C-8C6F8DE1E132}.Ad-Hoc|Any CPU.ActiveCfg = Debug|Any CPU
		{90BB5221-EF3D-4DE0-AF9C-8C6F8DE1E132}.Ad-Hoc|Any CPU.Build.0 = Debug|Any CPU
		{90BB5221-EF3D-4DE0-AF9C-8C6F8DE1E132}.Ad-Hoc|Any CPU.Deploy.0 = Debug|Any CPU
		{90BB5221-EF3D-4DE0-AF9C-8C6F8DE1E132}.Ad-Hoc|iPhone.ActiveCfg = Debug|Any CPU
		{90BB5221-EF3D-4DE0-AF9C-8C6F8DE1E132}.Ad-Hoc|iPhone.Build.0 = Debug|Any CPU
		{90BB5221-EF3D-4DE0-AF9C-8C6F8DE1E132}.Ad-Hoc|iPhone.Deploy.0 = Debug|Any CPU
		{90BB5221-EF3D-4DE0-AF9C-8C6F8DE1E132}.Ad-Hoc|iPhoneSimulator.ActiveCfg = Debug|Any CPU
		{90BB5221-EF3D-4DE0-AF9C-8C6F8DE1E132}.Ad-Hoc|iPhoneSimulator.Build.0 = Debug|Any CPU
		{90BB5221-EF3D-4DE0-AF9C-8C6F8DE1E132}.Ad-Hoc|iPhoneSimulator.Deploy.0 = Debug|Any CPU
		{90BB5221-EF3D-4DE0-AF9C-8C6F8DE1E132}.AppStore|Any CPU.ActiveCfg = Debug|Any CPU
		{90BB5221-EF3D-4DE0-AF9C-8C6F8DE1E132}.AppStore|Any CPU.Build.0 = Debug|Any CPU
		{90BB5221-EF3D-4DE0-AF9C-8C6F8DE1E132}.AppStore|Any CPU.Deploy.0 = Debug|Any CPU
		{90BB5221-EF3D-4DE0-AF9C-8C6F8DE1E132}.AppStore|iPhone.ActiveCfg = Debug|Any CPU
		{90BB5221-EF3D-4DE0-AF9C-8C6F8DE1E132}.AppStore|iPhone.Build.0 = Debug|Any CPU
		{90BB5221-EF3D-4DE0-AF9C-8C6F8DE1E132}.AppStore|iPhone.Deploy.0 = Debug|Any CPU
		{90BB5221-EF3D-4DE0-AF9C-8C6F8DE1E132}.AppStore|iPhoneSimulator.ActiveCfg = Debug|Any CPU
		{90BB5221-EF3D-4DE0-AF9C-8C6F8DE1E132}.AppStore|iPhoneSimulator.Build.0 = Debug|Any CPU
		{90BB5221-EF3D-4DE0-AF9C-8C6F8DE1E132}.AppStore|iPhoneSimulator.Deploy.0 = Debug|Any CPU
		{90BB5221-EF3D-4DE0-AF9C-8C6F8DE1E132}.Debug|Any CPU.ActiveCfg = Debug|Any CPU
		{90BB5221-EF3D-4DE0-AF9C-8C6F8DE1E132}.Debug|Any CPU.Build.0 = Debug|Any CPU
		{90BB5221-EF3D-4DE0-AF9C-8C6F8DE1E132}.Debug|Any CPU.Deploy.0 = Debug|Any CPU
		{90BB5221-EF3D-4DE0-AF9C-8C6F8DE1E132}.Debug|iPhone.ActiveCfg = Debug|Any CPU
		{90BB5221-EF3D-4DE0-AF9C-8C6F8DE1E132}.Debug|iPhone.Build.0 = Debug|Any CPU
		{90BB5221-EF3D-4DE0-AF9C-8C6F8DE1E132}.Debug|iPhone.Deploy.0 = Debug|Any CPU
		{90BB5221-EF3D-4DE0-AF9C-8C6F8DE1E132}.Debug|iPhoneSimulator.ActiveCfg = Debug|Any CPU
		{90BB5221-EF3D-4DE0-AF9C-8C6F8DE1E132}.Debug|iPhoneSimulator.Build.0 = Debug|Any CPU
		{90BB5221-EF3D-4DE0-AF9C-8C6F8DE1E132}.Debug|iPhoneSimulator.Deploy.0 = Debug|Any CPU
		{90BB5221-EF3D-4DE0-AF9C-8C6F8DE1E132}.Release|Any CPU.ActiveCfg = Release|Any CPU
		{90BB5221-EF3D-4DE0-AF9C-8C6F8DE1E132}.Release|Any CPU.Build.0 = Release|Any CPU
		{90BB5221-EF3D-4DE0-AF9C-8C6F8DE1E132}.Release|Any CPU.Deploy.0 = Release|Any CPU
		{90BB5221-EF3D-4DE0-AF9C-8C6F8DE1E132}.Release|iPhone.ActiveCfg = Release|Any CPU
		{90BB5221-EF3D-4DE0-AF9C-8C6F8DE1E132}.Release|iPhone.Build.0 = Release|Any CPU
		{90BB5221-EF3D-4DE0-AF9C-8C6F8DE1E132}.Release|iPhone.Deploy.0 = Release|Any CPU
		{90BB5221-EF3D-4DE0-AF9C-8C6F8DE1E132}.Release|iPhoneSimulator.ActiveCfg = Release|Any CPU
		{90BB5221-EF3D-4DE0-AF9C-8C6F8DE1E132}.Release|iPhoneSimulator.Build.0 = Release|Any CPU
		{90BB5221-EF3D-4DE0-AF9C-8C6F8DE1E132}.Release|iPhoneSimulator.Deploy.0 = Release|Any CPU
	EndGlobalSection
	GlobalSection(SolutionProperties) = preSolution
		HideSolutionNode = FALSE
	EndGlobalSection
	GlobalSection(ExtensibilityGlobals) = postSolution
		SolutionGuid = {7112D104-BB0F-4E0A-859E-F1B69B99FC70}
	EndGlobalSection
EndGlobal
